// !$*UTF8*$!
{
	archiveVersion = 1;
	classes = {
	};
	objectVersion = 48;
	objects = {

/* Begin PBXBuildFile section */
		D303A8252074FB72006EE6D4 /* gameObjs.c in Sources */ = {isa = PBXBuildFile; fileRef = D303A8242074FB72006EE6D4 /* gameObjs.c */; };
		D31592C22073952A008F6611 /* main.c in Sources */ = {isa = PBXBuildFile; fileRef = D31592C12073952A008F6611 /* main.c */; };
		D31592CA2073957D008F6611 /* SDL2.framework in Frameworks */ = {isa = PBXBuildFile; fileRef = D31592C92073957D008F6611 /* SDL2.framework */; };
/* End PBXBuildFile section */

/* Begin PBXCopyFilesBuildPhase section */
		D31592BC2073952A008F6611 /* CopyFiles */ = {
			isa = PBXCopyFilesBuildPhase;
			buildActionMask = 2147483647;
			dstPath = /usr/share/man/man1/;
			dstSubfolderSpec = 0;
			files = (
			);
			runOnlyForDeploymentPostprocessing = 1;
		};
/* End PBXCopyFilesBuildPhase section */

/* Begin PBXFileReference section */
		D303A8232074FB72006EE6D4 /* gameObjs.h */ = {isa = PBXFileReference; lastKnownFileType = sourcecode.c.h; path = gameObjs.h; sourceTree = "<group>"; };
		D303A8242074FB72006EE6D4 /* gameObjs.c */ = {isa = PBXFileReference; lastKnownFileType = sourcecode.c.c; path = gameObjs.c; sourceTree = "<group>"; };
		D303A82620750DE1006EE6D4 /* tinychicken_cooked.bmp */ = {isa = PBXFileReference; lastKnownFileType = image.bmp; path = tinychicken_cooked.bmp; sourceTree = "<group>"; };
		D31592BE2073952A008F6611 /* sdltest */ = {isa = PBXFileReference; explicitFileType = "compiled.mach-o.executable"; includeInIndex = 0; path = sdltest; sourceTree = BUILT_PRODUCTS_DIR; };
		D31592C12073952A008F6611 /* main.c */ = {isa = PBXFileReference; lastKnownFileType = sourcecode.c.c; path = main.c; sourceTree = "<group>"; };
		D31592C92073957D008F6611 /* SDL2.framework */ = {isa = PBXFileReference; lastKnownFileType = wrapper.framework; name = SDL2.framework; path = ../../../../../../../Library/Frameworks/SDL2.framework; sourceTree = "<group>"; };
		D31592CB20739AF6008F6611 /* shipsheetparts.bmp */ = {isa = PBXFileReference; lastKnownFileType = image.bmp; name = shipsheetparts.bmp; path = assets/shipsheetparts.bmp; sourceTree = SOURCE_ROOT; };
		D31592CD2073E25C008F6611 /* plane.bmp */ = {isa = PBXFileReference; lastKnownFileType = image.bmp; path = plane.bmp; sourceTree = "<group>"; };
		D3EFE65A20765A57007CED0E /* bg.bmp */ = {isa = PBXFileReference; lastKnownFileType = image.bmp; path = bg.bmp; sourceTree = "<group>"; };
/* End PBXFileReference section */

/* Begin PBXFrameworksBuildPhase section */
		D31592BB2073952A008F6611 /* Frameworks */ = {
			isa = PBXFrameworksBuildPhase;
			buildActionMask = 2147483647;
			files = (
				D31592CA2073957D008F6611 /* SDL2.framework in Frameworks */,
			);
			runOnlyForDeploymentPostprocessing = 0;
		};
/* End PBXFrameworksBuildPhase section */

/* Begin PBXGroup section */
		D31592B52073952A008F6611 = {
			isa = PBXGroup;
			children = (
				D31592CC20739B26008F6611 /* assets */,
				D31592C02073952A008F6611 /* sdltest */,
				D31592BF2073952A008F6611 /* Products */,
				D31592C82073957C008F6611 /* Frameworks */,
			);
			sourceTree = "<group>";
		};
		D31592BF2073952A008F6611 /* Products */ = {
			isa = PBXGroup;
			children = (
				D31592BE2073952A008F6611 /* sdltest */,
			);
			name = Products;
			sourceTree = "<group>";
		};
		D31592C02073952A008F6611 /* sdltest */ = {
			isa = PBXGroup;
			children = (
				D31592C12073952A008F6611 /* main.c */,
				D303A8232074FB72006EE6D4 /* gameObjs.h */,
				D303A8242074FB72006EE6D4 /* gameObjs.c */,
			);
			path = sdltest;
			sourceTree = "<group>";
		};
		D31592C82073957C008F6611 /* Frameworks */ = {
			isa = PBXGroup;
			children = (
				D31592C92073957D008F6611 /* SDL2.framework */,
			);
			name = Frameworks;
			sourceTree = "<group>";
		};
		D31592CC20739B26008F6611 /* assets */ = {
			isa = PBXGroup;
			children = (
				D31592CB20739AF6008F6611 /* shipsheetparts.bmp */,
				D31592CD2073E25C008F6611 /* plane.bmp */,
				D3EFE65A20765A57007CED0E /* bg.bmp */,
				D303A82620750DE1006EE6D4 /* tinychicken_cooked.bmp */,
			);
			path = assets;
			sourceTree = "<group>";
		};
/* End PBXGroup section */

/* Begin PBXNativeTarget section */
		D31592BD2073952A008F6611 /* sdltest */ = {
			isa = PBXNativeTarget;
			buildConfigurationList = D31592C52073952A008F6611 /* Build configuration list for PBXNativeTarget "sdltest" */;
			buildPhases = (
				D31592BA2073952A008F6611 /* Sources */,
				D31592BB2073952A008F6611 /* Frameworks */,
				D31592BC2073952A008F6611 /* CopyFiles */,
			);
			buildRules = (
			);
			dependencies = (
			);
			name = sdltest;
			productName = sdltest;
			productReference = D31592BE2073952A008F6611 /* sdltest */;
			productType = "com.apple.product-type.tool";
		};
/* End PBXNativeTarget section */

/* Begin PBXProject section */
		D31592B62073952A008F6611 /* Project object */ = {
			isa = PBXProject;
			attributes = {
				LastUpgradeCheck = 0920;
				ORGANIZATIONNAME = "Mark Backhaus";
				TargetAttributes = {
					D31592BD2073952A008F6611 = {
						CreatedOnToolsVersion = 9.2;
						ProvisioningStyle = Automatic;
					};
				};
			};
			buildConfigurationList = D31592B92073952A008F6611 /* Build configuration list for PBXProject "sdltest" */;
			compatibilityVersion = "Xcode 8.0";
			developmentRegion = en;
			hasScannedForEncodings = 0;
			knownRegions = (
				en,
			);
			mainGroup = D31592B52073952A008F6611;
			productRefGroup = D31592BF2073952A008F6611 /* Products */;
			projectDirPath = "";
			projectRoot = "";
			targets = (
				D31592BD2073952A008F6611 /* sdltest */,
			);
		};
/* End PBXProject section */

/* Begin PBXSourcesBuildPhase section */
		D31592BA2073952A008F6611 /* Sources */ = {
			isa = PBXSourcesBuildPhase;
			buildActionMask = 2147483647;
			files = (
				D31592C22073952A008F6611 /* main.c in Sources */,
				D303A8252074FB72006EE6D4 /* gameObjs.c in Sources */,
			);
			runOnlyForDeploymentPostprocessing = 0;
		};
/* End PBXSourcesBuildPhase section */

/* Begin XCBuildConfiguration section */
		D31592C32073952A008F6611 /* Debug */ = {
			isa = XCBuildConfiguration;
			buildSettings = {
				ALWAYS_SEARCH_USER_PATHS = NO;
				CLANG_ANALYZER_NONNULL = YES;
				CLANG_ANALYZER_NUMBER_OBJECT_CONVERSION = YES_AGGRESSIVE;
				CLANG_CXX_LANGUAGE_STANDARD = "gnu++14";
				CLANG_CXX_LIBRARY = "libc++";
				CLANG_ENABLE_MODULES = YES;
				CLANG_ENABLE_OBJC_ARC = YES;
				CLANG_WARN_BLOCK_CAPTURE_AUTORELEASING = YES;
				CLANG_WARN_BOOL_CONVERSION = YES;
				CLANG_WARN_COMMA = YES;
				CLANG_WARN_CONSTANT_CONVERSION = YES;
				CLANG_WARN_DIRECT_OBJC_ISA_USAGE = YES_ERROR;
				CLANG_WARN_DOCUMENTATION_COMMENTS = YES;
				CLANG_WARN_EMPTY_BODY = YES;
				CLANG_WARN_ENUM_CONVERSION = YES;
				CLANG_WARN_INFINITE_RECURSION = YES;
				CLANG_WARN_INT_CONVERSION = YES;
				CLANG_WARN_NON_LITERAL_NULL_CONVERSION = YES;
				CLANG_WARN_OBJC_LITERAL_CONVERSION = YES;
				CLANG_WARN_OBJC_ROOT_CLASS = YES_ERROR;
				CLANG_WARN_RANGE_LOOP_ANALYSIS = YES;
				CLANG_WARN_STRICT_PROTOTYPES = YES;
				CLANG_WARN_SUSPICIOUS_MOVE = YES;
				CLANG_WARN_UNGUARDED_AVAILABILITY = YES_AGGRESSIVE;
				CLANG_WARN_UNREACHABLE_CODE = YES;
				CLANG_WARN__DUPLICATE_METHOD_MATCH = YES;
				CODE_SIGN_IDENTITY = "-";
				COPY_PHASE_STRIP = NO;
				DEBUG_INFORMATION_FORMAT = dwarf;
				ENABLE_STRICT_OBJC_MSGSEND = YES;
				ENABLE_TESTABILITY = YES;
				GCC_C_LANGUAGE_STANDARD = gnu11;
				GCC_DYNAMIC_NO_PIC = NO;
				GCC_NO_COMMON_BLOCKS = YES;
				GCC_OPTIMIZATION_LEVEL = 0;
				GCC_PREPROCESSOR_DEFINITIONS = (
					"DEBUG=1",
					"$(inherited)",
				);
				GCC_WARN_64_TO_32_BIT_CONVERSION = YES;
				GCC_WARN_ABOUT_RETURN_TYPE = YES_ERROR;
				GCC_WARN_UNDECLARED_SELECTOR = YES;
				GCC_WARN_UNINITIALIZED_AUTOS = YES_AGGRESSIVE;
				GCC_WARN_UNUSED_FUNCTION = YES;
				GCC_WARN_UNUSED_VARIABLE = YES;
				MACOSX_DEPLOYMENT_TARGET = 10.13;
				MTL_ENABLE_DEBUG_INFO = YES;
				ONLY_ACTIVE_ARCH = YES;
				SDKROOT = macosx;
			};
			name = Debug;
		};
		D31592C42073952A008F6611 /* Release */ = {
			isa = XCBuildConfiguration;
			buildSettings = {
				ALWAYS_SEARCH_USER_PATHS = NO;
				CLANG_ANALYZER_NONNULL = YES;
				CLANG_ANALYZER_NUMBER_OBJECT_CONVERSION = YES_AGGRESSIVE;
				CLANG_CXX_LANGUAGE_STANDARD = "gnu++14";
				CLANG_CXX_LIBRARY = "libc++";
				CLANG_ENABLE_MODULES = YES;
				CLANG_ENABLE_OBJC_ARC = YES;
				CLANG_WARN_BLOCK_CAPTURE_AUTORELEASING = YES;
				CLANG_WARN_BOOL_CONVERSION = YES;
				CLANG_WARN_COMMA = YES;
				CLANG_WARN_CONSTANT_CONVERSION = YES;
				CLANG_WARN_DIRECT_OBJC_ISA_USAGE = YES_ERROR;
				CLANG_WARN_DOCUMENTATION_COMMENTS = YES;
				CLANG_WARN_EMPTY_BODY = YES;
				CLANG_WARN_ENUM_CONVERSION = YES;
				CLANG_WARN_INFINITE_RECURSION = YES;
				CLANG_WARN_INT_CONVERSION = YES;
				CLANG_WARN_NON_LITERAL_NULL_CONVERSION = YES;
				CLANG_WARN_OBJC_LITERAL_CONVERSION = YES;
				CLANG_WARN_OBJC_ROOT_CLASS = YES_ERROR;
				CLANG_WARN_RANGE_LOOP_ANALYSIS = YES;
				CLANG_WARN_STRICT_PROTOTYPES = YES;
				CLANG_WARN_SUSPICIOUS_MOVE = YES;
				CLANG_WARN_UNGUARDED_AVAILABILITY = YES_AGGRESSIVE;
				CLANG_WARN_UNREACHABLE_CODE = YES;
				CLANG_WARN__DUPLICATE_METHOD_MATCH = YES;
				CODE_SIGN_IDENTITY = "-";
				COPY_PHASE_STRIP = NO;
				DEBUG_INFORMATION_FORMAT = "dwarf-with-dsym";
				ENABLE_NS_ASSERTIONS = NO;
				ENABLE_STRICT_OBJC_MSGSEND = YES;
				GCC_C_LANGUAGE_STANDARD = gnu11;
				GCC_NO_COMMON_BLOCKS = YES;
				GCC_WARN_64_TO_32_BIT_CONVERSION = YES;
				GCC_WARN_ABOUT_RETURN_TYPE = YES_ERROR;
				GCC_WARN_UNDECLARED_SELECTOR = YES;
				GCC_WARN_UNINITIALIZED_AUTOS = YES_AGGRESSIVE;
				GCC_WARN_UNUSED_FUNCTION = YES;
				GCC_WARN_UNUSED_VARIABLE = YES;
				MACOSX_DEPLOYMENT_TARGET = 10.13;
				MTL_ENABLE_DEBUG_INFO = NO;
				SDKROOT = macosx;
			};
			name = Release;
		};
		D31592C62073952A008F6611 /* Debug */ = {
			isa = XCBuildConfiguration;
			buildSettings = {
				CODE_SIGN_STYLE = Automatic;
				FRAMEWORK_SEARCH_PATHS = (
					"$(inherited)",
					"$(LOCAL_LIBRARY_DIR)/Frameworks",
				);
				PRODUCT_NAME = "$(TARGET_NAME)";
			};
			name = Debug;
		};
		D31592C72073952A008F6611 /* Release */ = {
			isa = XCBuildConfiguration;
			buildSettings = {
				CODE_SIGN_STYLE = Automatic;
				FRAMEWORK_SEARCH_PATHS = (
					"$(inherited)",
					"$(LOCAL_LIBRARY_DIR)/Frameworks",
				);
				PRODUCT_NAME = "$(TARGET_NAME)";
			};
			name = Release;
		};
/* End XCBuildConfiguration section */

/* Begin XCConfigurationList section */
		D31592B92073952A008F6611 /* Build configuration list for PBXProject "sdltest" */ = {
			isa = XCConfigurationList;
			buildConfigurations = (
				D31592C32073952A008F6611 /* Debug */,
				D31592C42073952A008F6611 /* Release */,
			);
			defaultConfigurationIsVisible = 0;
			defaultConfigurationName = Release;
		};
		D31592C52073952A008F6611 /* Build configuration list for PBXNativeTarget "sdltest" */ = {
			isa = XCConfigurationList;
			buildConfigurations = (
				D31592C62073952A008F6611 /* Debug */,
				D31592C72073952A008F6611 /* Release */,
			);
			defaultConfigurationIsVisible = 0;
			defaultConfigurationName = Release;
		};
/* End XCConfigurationList section */
	};
	rootObject = D31592B62073952A008F6611 /* Project object */;
}
